
Microsoft Visual Studio Solution File, Format Version 12.00
# Visual Studio 2013
VisualStudioVersion = 12.0.30723.0
MinimumVisualStudioVersion = 10.0.40219.1
Project("{FAE04EC0-301F-11D3-BF4B-00C04F79EFBC}") = "TeamPyropeBlog.Models", "TeamPyropeBlog.Models\TeamPyropeBlog.Models.csproj", "{B02B14C4-3865-47C7-99B1-DB2E2FB6A08D}"
EndProject
Project("{FAE04EC0-301F-11D3-BF4B-00C04F79EFBC}") = "TeamPyropeBlog.Data", "TeamPyropeBlog.Data\TeamPyropeBlog.Data.csproj", "{AF17F3DB-EF5C-4D81-832A-7A9C0F5850EC}"
EndProject
Project("{FAE04EC0-301F-11D3-BF4B-00C04F79EFBC}") = "TeamPyropeBlog.WebApp", "TeamPyropeBlog.WebApp\TeamPyropeBlog.WebApp.csproj", "{684948A1-174A-4FBF-8A03-F387B6880F57}"
EndProject
Global
	GlobalSection(SolutionConfigurationPlatforms) = preSolution
		Debug|Any CPU = Debug|Any CPU
		Release|Any CPU = Release|Any CPU
	EndGlobalSection
	GlobalSection(ProjectConfigurationPlatforms) = postSolution
		{B02B14C4-3865-47C7-99B1-DB2E2FB6A08D}.Debug|Any CPU.ActiveCfg = Debug|Any CPU
		{B02B14C4-3865-47C7-99B1-DB2E2FB6A08D}.Debug|Any CPU.Build.0 = Debug|Any CPU
		{B02B14C4-3865-47C7-99B1-DB2E2FB6A08D}.Release|Any CPU.ActiveCfg = Release|Any CPU
		{B02B14C4-3865-47C7-99B1-DB2E2FB6A08D}.Release|Any CPU.Build.0 = Release|Any CPU
		{AF17F3DB-EF5C-4D81-832A-7A9C0F5850EC}.Debug|Any CPU.ActiveCfg = Debug|Any CPU
		{AF17F3DB-EF5C-4D81-832A-7A9C0F5850EC}.Debug|Any CPU.Build.0 = Debug|Any CPU
		{AF17F3DB-EF5C-4D81-832A-7A9C0F5850EC}.Release|Any CPU.ActiveCfg = Release|Any CPU
		{AF17F3DB-EF5C-4D81-832A-7A9C0F5850EC}.Release|Any CPU.Build.0 = Release|Any CPU
		{684948A1-174A-4FBF-8A03-F387B6880F57}.Debug|Any CPU.ActiveCfg = Debug|Any CPU
		{684948A1-174A-4FBF-8A03-F387B6880F57}.Debug|Any CPU.Build.0 = Debug|Any CPU
		{684948A1-174A-4FBF-8A03-F387B6880F57}.Release|Any CPU.ActiveCfg = Release|Any CPU
		{684948A1-174A-4FBF-8A03-F387B6880F57}.Release|Any CPU.Build.0 = Release|Any CPU
	EndGlobalSection
	GlobalSection(SolutionProperties) = preSolution
		HideSolutionNode = FALSE
	EndGlobalSection
EndGlobal
